
Microsoft Visual Studio Solution File, Format Version 12.00
# Visual Studio Version 16
VisualStudioVersion = 16.0.30621.155
MinimumVisualStudioVersion = 10.0.40219.1
Project("{9A19103F-16F7-4668-BE54-9A1E7A4F7556}") = "RestAPI", "RestAPI\RestAPI.csproj", "{B608DE17-6572-49FE-92DF-438902FA467C}"
EndProject
Project("{9A19103F-16F7-4668-BE54-9A1E7A4F7556}") = "Shared", "Shared\Shared.csproj", "{9941C5A4-0079-4EC1-B06D-581B32C11353}"
EndProject
Project("{9A19103F-16F7-4668-BE54-9A1E7A4F7556}") = "Domain", "Domain\Domain.csproj", "{836236BD-7EB9-462A-A894-17CDE5D30D29}"
EndProject
Project("{9A19103F-16F7-4668-BE54-9A1E7A4F7556}") = "Persistence", "Persistence\Persistence.csproj", "{4F9EDDF9-57D4-4AEB-9C2C-8EFAF2F3FD04}"
EndProject
Project("{FAE04EC0-301F-11D3-BF4B-00C04F79EFBC}") = "DbUp", "DbUp\DbUp.csproj", "{C53E8278-7D08-4F52-91F6-373D96C58163}"
EndProject
Global
	GlobalSection(SolutionConfigurationPlatforms) = preSolution
		Debug|Any CPU = Debug|Any CPU
		Release|Any CPU = Release|Any CPU
	EndGlobalSection
	GlobalSection(ProjectConfigurationPlatforms) = postSolution
		{B608DE17-6572-49FE-92DF-438902FA467C}.Debug|Any CPU.ActiveCfg = Debug|Any CPU
		{B608DE17-6572-49FE-92DF-438902FA467C}.Debug|Any CPU.Build.0 = Debug|Any CPU
		{B608DE17-6572-49FE-92DF-438902FA467C}.Release|Any CPU.ActiveCfg = Release|Any CPU
		{B608DE17-6572-49FE-92DF-438902FA467C}.Release|Any CPU.Build.0 = Release|Any CPU
		{9941C5A4-0079-4EC1-B06D-581B32C11353}.Debug|Any CPU.ActiveCfg = Debug|Any CPU
		{9941C5A4-0079-4EC1-B06D-581B32C11353}.Debug|Any CPU.Build.0 = Debug|Any CPU
		{9941C5A4-0079-4EC1-B06D-581B32C11353}.Release|Any CPU.ActiveCfg = Release|Any CPU
		{9941C5A4-0079-4EC1-B06D-581B32C11353}.Release|Any CPU.Build.0 = Release|Any CPU
		{836236BD-7EB9-462A-A894-17CDE5D30D29}.Debug|Any CPU.ActiveCfg = Debug|Any CPU
		{836236BD-7EB9-462A-A894-17CDE5D30D29}.Debug|Any CPU.Build.0 = Debug|Any CPU
		{836236BD-7EB9-462A-A894-17CDE5D30D29}.Release|Any CPU.ActiveCfg = Release|Any CPU
		{836236BD-7EB9-462A-A894-17CDE5D30D29}.Release|Any CPU.Build.0 = Release|Any CPU
		{4F9EDDF9-57D4-4AEB-9C2C-8EFAF2F3FD04}.Debug|Any CPU.ActiveCfg = Debug|Any CPU
		{4F9EDDF9-57D4-4AEB-9C2C-8EFAF2F3FD04}.Debug|Any CPU.Build.0 = Debug|Any CPU
		{4F9EDDF9-57D4-4AEB-9C2C-8EFAF2F3FD04}.Release|Any CPU.ActiveCfg = Release|Any CPU
		{4F9EDDF9-57D4-4AEB-9C2C-8EFAF2F3FD04}.Release|Any CPU.Build.0 = Release|Any CPU
		{C53E8278-7D08-4F52-91F6-373D96C58163}.Debug|Any CPU.ActiveCfg = Debug|Any CPU
		{C53E8278-7D08-4F52-91F6-373D96C58163}.Debug|Any CPU.Build.0 = Debug|Any CPU
		{C53E8278-7D08-4F52-91F6-373D96C58163}.Release|Any CPU.ActiveCfg = Release|Any CPU
		{C53E8278-7D08-4F52-91F6-373D96C58163}.Release|Any CPU.Build.0 = Release|Any CPU
	EndGlobalSection
	GlobalSection(SolutionProperties) = preSolution
		HideSolutionNode = FALSE
	EndGlobalSection
	GlobalSection(ExtensibilityGlobals) = postSolution
		SolutionGuid = {7D3929B8-6202-4E4E-8CA8-1B16ADB04949}
	EndGlobalSection
EndGlobal
